// !$*UTF8*$!
{
	archiveVersion = 1;
	classes = {
	};
	objectVersion = 50;
	objects = {

/* Begin PBXBuildFile section */
		3AAA5BE42399810B008417F1 /* AppDelegate.m in Sources */ = {isa = PBXBuildFile; fileRef = 3AAA5BE32399810B008417F1 /* AppDelegate.m */; };
		3AAA5BE62399810E008417F1 /* Assets.xcassets in Resources */ = {isa = PBXBuildFile; fileRef = 3AAA5BE52399810E008417F1 /* Assets.xcassets */; };
		3AAA5BE92399810E008417F1 /* MainMenu.xib in Resources */ = {isa = PBXBuildFile; fileRef = 3AAA5BE72399810E008417F1 /* MainMenu.xib */; };
		3AAA5BEC2399810E008417F1 /* main.m in Sources */ = {isa = PBXBuildFile; fileRef = 3AAA5BEB2399810E008417F1 /* main.m */; };
		3AAA5BF72399810E008417F1 /* BotDriveTests.m in Sources */ = {isa = PBXBuildFile; fileRef = 3AAA5BF62399810E008417F1 /* BotDriveTests.m */; };
		3AAA5C022399810F008417F1 /* BotDriveUITests.m in Sources */ = {isa = PBXBuildFile; fileRef = 3AAA5C012399810F008417F1 /* BotDriveUITests.m */; };
/* End PBXBuildFile section */

/* Begin PBXContainerItemProxy section */
		3AAA5BF32399810E008417F1 /* PBXContainerItemProxy */ = {
			isa = PBXContainerItemProxy;
			containerPortal = 3AAA5BD72399810B008417F1 /* Project object */;
			proxyType = 1;
			remoteGlobalIDString = 3AAA5BDE2399810B008417F1;
			remoteInfo = BotDrive;
		};
		3AAA5BFE2399810F008417F1 /* PBXContainerItemProxy */ = {
			isa = PBXContainerItemProxy;
			containerPortal = 3AAA5BD72399810B008417F1 /* Project object */;
			proxyType = 1;
			remoteGlobalIDString = 3AAA5BDE2399810B008417F1;
			remoteInfo = BotDrive;
		};
/* End PBXContainerItemProxy section */

/* Begin PBXFileReference section */
		3AAA5BDF2399810B008417F1 /* BotDrive.app */ = {isa = PBXFileReference; explicitFileType = wrapper.application; includeInIndex = 0; path = BotDrive.app; sourceTree = BUILT_PRODUCTS_DIR; };
		3AAA5BE22399810B008417F1 /* AppDelegate.h */ = {isa = PBXFileReference; lastKnownFileType = sourcecode.c.h; path = AppDelegate.h; sourceTree = "<group>"; };
		3AAA5BE32399810B008417F1 /* AppDelegate.m */ = {isa = PBXFileReference; lastKnownFileType = sourcecode.c.objc; path = AppDelegate.m; sourceTree = "<group>"; };
		3AAA5BE52399810E008417F1 /* Assets.xcassets */ = {isa = PBXFileReference; lastKnownFileType = folder.assetcatalog; path = Assets.xcassets; sourceTree = "<group>"; };
		3AAA5BE82399810E008417F1 /* Base */ = {isa = PBXFileReference; lastKnownFileType = file.xib; name = Base; path = Base.lproj/MainMenu.xib; sourceTree = "<group>"; };
		3AAA5BEA2399810E008417F1 /* Info.plist */ = {isa = PBXFileReference; lastKnownFileType = text.plist.xml; path = Info.plist; sourceTree = "<group>"; };
		3AAA5BEB2399810E008417F1 /* main.m */ = {isa = PBXFileReference; lastKnownFileType = sourcecode.c.objc; path = main.m; sourceTree = "<group>"; };
		3AAA5BED2399810E008417F1 /* BotDrive.entitlements */ = {isa = PBXFileReference; lastKnownFileType = text.plist.entitlements; path = BotDrive.entitlements; sourceTree = "<group>"; };
		3AAA5BF22399810E008417F1 /* BotDriveTests.xctest */ = {isa = PBXFileReference; explicitFileType = wrapper.cfbundle; includeInIndex = 0; path = BotDriveTests.xctest; sourceTree = BUILT_PRODUCTS_DIR; };
		3AAA5BF62399810E008417F1 /* BotDriveTests.m */ = {isa = PBXFileReference; lastKnownFileType = sourcecode.c.objc; path = BotDriveTests.m; sourceTree = "<group>"; };
		3AAA5BF82399810E008417F1 /* Info.plist */ = {isa = PBXFileReference; lastKnownFileType = text.plist.xml; path = Info.plist; sourceTree = "<group>"; };
		3AAA5BFD2399810F008417F1 /* BotDriveUITests.xctest */ = {isa = PBXFileReference; explicitFileType = wrapper.cfbundle; includeInIndex = 0; path = BotDriveUITests.xctest; sourceTree = BUILT_PRODUCTS_DIR; };
		3AAA5C012399810F008417F1 /* BotDriveUITests.m */ = {isa = PBXFileReference; lastKnownFileType = sourcecode.c.objc; path = BotDriveUITests.m; sourceTree = "<group>"; };
		3AAA5C032399810F008417F1 /* Info.plist */ = {isa = PBXFileReference; lastKnownFileType = text.plist.xml; path = Info.plist; sourceTree = "<group>"; };
/* End PBXFileReference section */

/* Begin PBXFrameworksBuildPhase section */
		3AAA5BDC2399810B008417F1 /* Frameworks */ = {
			isa = PBXFrameworksBuildPhase;
			buildActionMask = 2147483647;
			files = (
			);
			runOnlyForDeploymentPostprocessing = 0;
		};
		3AAA5BEF2399810E008417F1 /* Frameworks */ = {
			isa = PBXFrameworksBuildPhase;
			buildActionMask = 2147483647;
			files = (
			);
			runOnlyForDeploymentPostprocessing = 0;
		};
		3AAA5BFA2399810F008417F1 /* Frameworks */ = {
			isa = PBXFrameworksBuildPhase;
			buildActionMask = 2147483647;
			files = (
			);
			runOnlyForDeploymentPostprocessing = 0;
		};
/* End PBXFrameworksBuildPhase section */

/* Begin PBXGroup section */
		3AAA5BD62399810B008417F1 = {
			isa = PBXGroup;
			children = (
				3AAA5BE12399810B008417F1 /* BotDrive */,
				3AAA5BF52399810E008417F1 /* BotDriveTests */,
				3AAA5C002399810F008417F1 /* BotDriveUITests */,
				3AAA5BE02399810B008417F1 /* Products */,
			);
			sourceTree = "<group>";
		};
		3AAA5BE02399810B008417F1 /* Products */ = {
			isa = PBXGroup;
			children = (
				3AAA5BDF2399810B008417F1 /* BotDrive.app */,
				3AAA5BF22399810E008417F1 /* BotDriveTests.xctest */,
				3AAA5BFD2399810F008417F1 /* BotDriveUITests.xctest */,
			);
			name = Products;
			sourceTree = "<group>";
		};
		3AAA5BE12399810B008417F1 /* BotDrive */ = {
			isa = PBXGroup;
			children = (
				3AAA5BE22399810B008417F1 /* AppDelegate.h */,
				3AAA5BE32399810B008417F1 /* AppDelegate.m */,
				3AAA5BE52399810E008417F1 /* Assets.xcassets */,
				3AAA5BE72399810E008417F1 /* MainMenu.xib */,
				3AAA5BEA2399810E008417F1 /* Info.plist */,
				3AAA5BEB2399810E008417F1 /* main.m */,
				3AAA5BED2399810E008417F1 /* BotDrive.entitlements */,
			);
			path = BotDrive;
			sourceTree = "<group>";
		};
		3AAA5BF52399810E008417F1 /* BotDriveTests */ = {
			isa = PBXGroup;
			children = (
				3AAA5BF62399810E008417F1 /* BotDriveTests.m */,
				3AAA5BF82399810E008417F1 /* Info.plist */,
			);
			path = BotDriveTests;
			sourceTree = "<group>";
		};
		3AAA5C002399810F008417F1 /* BotDriveUITests */ = {
			isa = PBXGroup;
			children = (
				3AAA5C012399810F008417F1 /* BotDriveUITests.m */,
				3AAA5C032399810F008417F1 /* Info.plist */,
			);
			path = BotDriveUITests;
			sourceTree = "<group>";
		};
/* End PBXGroup section */

/* Begin PBXNativeTarget section */
		3AAA5BDE2399810B008417F1 /* BotDrive */ = {
			isa = PBXNativeTarget;
			buildConfigurationList = 3AAA5C062399810F008417F1 /* Build configuration list for PBXNativeTarget "BotDrive" */;
			buildPhases = (
				3AAA5BDB2399810B008417F1 /* Sources */,
				3AAA5BDC2399810B008417F1 /* Frameworks */,
				3AAA5BDD2399810B008417F1 /* Resources */,
			);
			buildRules = (
			);
			dependencies = (
			);
			name = BotDrive;
			productName = BotDrive;
			productReference = 3AAA5BDF2399810B008417F1 /* BotDrive.app */;
			productType = "com.apple.product-type.application";
		};
		3AAA5BF12399810E008417F1 /* BotDriveTests */ = {
			isa = PBXNativeTarget;
			buildConfigurationList = 3AAA5C092399810F008417F1 /* Build configuration list for PBXNativeTarget "BotDriveTests" */;
			buildPhases = (
				3AAA5BEE2399810E008417F1 /* Sources */,
				3AAA5BEF2399810E008417F1 /* Frameworks */,
				3AAA5BF02399810E008417F1 /* Resources */,
			);
			buildRules = (
			);
			dependencies = (
				3AAA5BF42399810E008417F1 /* PBXTargetDependency */,
			);
			name = BotDriveTests;
			productName = BotDriveTests;
			productReference = 3AAA5BF22399810E008417F1 /* BotDriveTests.xctest */;
			productType = "com.apple.product-type.bundle.unit-test";
		};
		3AAA5BFC2399810F008417F1 /* BotDriveUITests */ = {
			isa = PBXNativeTarget;
			buildConfigurationList = 3AAA5C0C2399810F008417F1 /* Build configuration list for PBXNativeTarget "BotDriveUITests" */;
			buildPhases = (
				3AAA5BF92399810F008417F1 /* Sources */,
				3AAA5BFA2399810F008417F1 /* Frameworks */,
				3AAA5BFB2399810F008417F1 /* Resources */,
			);
			buildRules = (
			);
			dependencies = (
				3AAA5BFF2399810F008417F1 /* PBXTargetDependency */,
			);
			name = BotDriveUITests;
			productName = BotDriveUITests;
			productReference = 3AAA5BFD2399810F008417F1 /* BotDriveUITests.xctest */;
			productType = "com.apple.product-type.bundle.ui-testing";
		};
/* End PBXNativeTarget section */

/* Begin PBXProject section */
		3AAA5BD72399810B008417F1 /* Project object */ = {
			isa = PBXProject;
			attributes = {
				LastUpgradeCheck = 1120;
				ORGANIZATIONNAME = "Rasmus Sten";
				TargetAttributes = {
					3AAA5BDE2399810B008417F1 = {
						CreatedOnToolsVersion = 11.2.1;
					};
					3AAA5BF12399810E008417F1 = {
						CreatedOnToolsVersion = 11.2.1;
						TestTargetID = 3AAA5BDE2399810B008417F1;
					};
					3AAA5BFC2399810F008417F1 = {
						CreatedOnToolsVersion = 11.2.1;
						TestTargetID = 3AAA5BDE2399810B008417F1;
					};
				};
			};
			buildConfigurationList = 3AAA5BDA2399810B008417F1 /* Build configuration list for PBXProject "BotDrive" */;
			compatibilityVersion = "Xcode 9.3";
			developmentRegion = en;
			hasScannedForEncodings = 0;
			knownRegions = (
				en,
				Base,
			);
			mainGroup = 3AAA5BD62399810B008417F1;
			productRefGroup = 3AAA5BE02399810B008417F1 /* Products */;
			projectDirPath = "";
			projectRoot = "";
			targets = (
				3AAA5BDE2399810B008417F1 /* BotDrive */,
				3AAA5BF12399810E008417F1 /* BotDriveTests */,
				3AAA5BFC2399810F008417F1 /* BotDriveUITests */,
			);
		};
/* End PBXProject section */

/* Begin PBXResourcesBuildPhase section */
		3AAA5BDD2399810B008417F1 /* Resources */ = {
			isa = PBXResourcesBuildPhase;
			buildActionMask = 2147483647;
			files = (
				3AAA5BE62399810E008417F1 /* Assets.xcassets in Resources */,
				3AAA5BE92399810E008417F1 /* MainMenu.xib in Resources */,
			);
			runOnlyForDeploymentPostprocessing = 0;
		};
		3AAA5BF02399810E008417F1 /* Resources */ = {
			isa = PBXResourcesBuildPhase;
			buildActionMask = 2147483647;
			files = (
			);
			runOnlyForDeploymentPostprocessing = 0;
		};
		3AAA5BFB2399810F008417F1 /* Resources */ = {
			isa = PBXResourcesBuildPhase;
			buildActionMask = 2147483647;
			files = (
			);
			runOnlyForDeploymentPostprocessing = 0;
		};
/* End PBXResourcesBuildPhase section */

/* Begin PBXSourcesBuildPhase section */
		3AAA5BDB2399810B008417F1 /* Sources */ = {
			isa = PBXSourcesBuildPhase;
			buildActionMask = 2147483647;
			files = (
				3AAA5BEC2399810E008417F1 /* main.m in Sources */,
				3AAA5BE42399810B008417F1 /* AppDelegate.m in Sources */,
			);
			runOnlyForDeploymentPostprocessing = 0;
		};
		3AAA5BEE2399810E008417F1 /* Sources */ = {
			isa = PBXSourcesBuildPhase;
			buildActionMask = 2147483647;
			files = (
				3AAA5BF72399810E008417F1 /* BotDriveTests.m in Sources */,
			);
			runOnlyForDeploymentPostprocessing = 0;
		};
		3AAA5BF92399810F008417F1 /* Sources */ = {
			isa = PBXSourcesBuildPhase;
			buildActionMask = 2147483647;
			files = (
				3AAA5C022399810F008417F1 /* BotDriveUITests.m in Sources */,
			);
			runOnlyForDeploymentPostprocessing = 0;
		};
/* End PBXSourcesBuildPhase section */

/* Begin PBXTargetDependency section */
		3AAA5BF42399810E008417F1 /* PBXTargetDependency */ = {
			isa = PBXTargetDependency;
			target = 3AAA5BDE2399810B008417F1 /* BotDrive */;
			targetProxy = 3AAA5BF32399810E008417F1 /* PBXContainerItemProxy */;
		};
		3AAA5BFF2399810F008417F1 /* PBXTargetDependency */ = {
			isa = PBXTargetDependency;
			target = 3AAA5BDE2399810B008417F1 /* BotDrive */;
			targetProxy = 3AAA5BFE2399810F008417F1 /* PBXContainerItemProxy */;
		};
/* End PBXTargetDependency section */

/* Begin PBXVariantGroup section */
		3AAA5BE72399810E008417F1 /* MainMenu.xib */ = {
			isa = PBXVariantGroup;
			children = (
				3AAA5BE82399810E008417F1 /* Base */,
			);
			name = MainMenu.xib;
			sourceTree = "<group>";
		};
/* End PBXVariantGroup section */

/* Begin XCBuildConfiguration section */
		3AAA5C042399810F008417F1 /* Debug */ = {
			isa = XCBuildConfiguration;
			buildSettings = {
				ALWAYS_SEARCH_USER_PATHS = NO;
				CLANG_ANALYZER_NONNULL = YES;
				CLANG_ANALYZER_NUMBER_OBJECT_CONVERSION = YES_AGGRESSIVE;
				CLANG_CXX_LANGUAGE_STANDARD = "gnu++14";
				CLANG_CXX_LIBRARY = "libc++";
				CLANG_ENABLE_MODULES = YES;
				CLANG_ENABLE_OBJC_ARC = YES;
				CLANG_ENABLE_OBJC_WEAK = YES;
				CLANG_WARN_BLOCK_CAPTURE_AUTORELEASING = YES;
				CLANG_WARN_BOOL_CONVERSION = YES;
				CLANG_WARN_COMMA = YES;
				CLANG_WARN_CONSTANT_CONVERSION = YES;
				CLANG_WARN_DEPRECATED_OBJC_IMPLEMENTATIONS = YES;
				CLANG_WARN_DIRECT_OBJC_ISA_USAGE = YES_ERROR;
				CLANG_WARN_DOCUMENTATION_COMMENTS = YES;
				CLANG_WARN_EMPTY_BODY = YES;
				CLANG_WARN_ENUM_CONVERSION = YES;
				CLANG_WARN_INFINITE_RECURSION = YES;
				CLANG_WARN_INT_CONVERSION = YES;
				CLANG_WARN_NON_LITERAL_NULL_CONVERSION = YES;
				CLANG_WARN_OBJC_IMPLICIT_RETAIN_SELF = YES;
				CLANG_WARN_OBJC_LITERAL_CONVERSION = YES;
				CLANG_WARN_OBJC_ROOT_CLASS = YES_ERROR;
				CLANG_WARN_RANGE_LOOP_ANALYSIS = YES;
				CLANG_WARN_STRICT_PROTOTYPES = YES;
				CLANG_WARN_SUSPICIOUS_MOVE = YES;
				CLANG_WARN_UNGUARDED_AVAILABILITY = YES_AGGRESSIVE;
				CLANG_WARN_UNREACHABLE_CODE = YES;
				CLANG_WARN__DUPLICATE_METHOD_MATCH = YES;
				COPY_PHASE_STRIP = NO;
				DEBUG_INFORMATION_FORMAT = dwarf;
				ENABLE_STRICT_OBJC_MSGSEND = YES;
				ENABLE_TESTABILITY = YES;
				GCC_C_LANGUAGE_STANDARD = gnu11;
				GCC_DYNAMIC_NO_PIC = NO;
				GCC_NO_COMMON_BLOCKS = YES;
				GCC_OPTIMIZATION_LEVEL = 0;
				GCC_PREPROCESSOR_DEFINITIONS = (
					"DEBUG=1",
					"$(inherited)",
				);
				GCC_WARN_64_TO_32_BIT_CONVERSION = YES;
				GCC_WARN_ABOUT_RETURN_TYPE = YES_ERROR;
				GCC_WARN_UNDECLARED_SELECTOR = YES;
				GCC_WARN_UNINITIALIZED_AUTOS = YES_AGGRESSIVE;
				GCC_WARN_UNUSED_FUNCTION = YES;
				GCC_WARN_UNUSED_VARIABLE = YES;
				MACOSX_DEPLOYMENT_TARGET = 10.15;
				MTL_ENABLE_DEBUG_INFO = INCLUDE_SOURCE;
				MTL_FAST_MATH = YES;
				ONLY_ACTIVE_ARCH = YES;
				SDKROOT = macosx;
			};
			name = Debug;
		};
		3AAA5C052399810F008417F1 /* Release */ = {
			isa = XCBuildConfiguration;
			buildSettings = {
				ALWAYS_SEARCH_USER_PATHS = NO;
				CLANG_ANALYZER_NONNULL = YES;
				CLANG_ANALYZER_NUMBER_OBJECT_CONVERSION = YES_AGGRESSIVE;
				CLANG_CXX_LANGUAGE_STANDARD = "gnu++14";
				CLANG_CXX_LIBRARY = "libc++";
				CLANG_ENABLE_MODULES = YES;
				CLANG_ENABLE_OBJC_ARC = YES;
				CLANG_ENABLE_OBJC_WEAK = YES;
				CLANG_WARN_BLOCK_CAPTURE_AUTORELEASING = YES;
				CLANG_WARN_BOOL_CONVERSION = YES;
				CLANG_WARN_COMMA = YES;
				CLANG_WARN_CONSTANT_CONVERSION = YES;
				CLANG_WARN_DEPRECATED_OBJC_IMPLEMENTATIONS = YES;
				CLANG_WARN_DIRECT_OBJC_ISA_USAGE = YES_ERROR;
				CLANG_WARN_DOCUMENTATION_COMMENTS = YES;
				CLANG_WARN_EMPTY_BODY = YES;
				CLANG_WARN_ENUM_CONVERSION = YES;
				CLANG_WARN_INFINITE_RECURSION = YES;
				CLANG_WARN_INT_CONVERSION = YES;
				CLANG_WARN_NON_LITERAL_NULL_CONVERSION = YES;
				CLANG_WARN_OBJC_IMPLICIT_RETAIN_SELF = YES;
				CLANG_WARN_OBJC_LITERAL_CONVERSION = YES;
				CLANG_WARN_OBJC_ROOT_CLASS = YES_ERROR;
				CLANG_WARN_RANGE_LOOP_ANALYSIS = YES;
				CLANG_WARN_STRICT_PROTOTYPES = YES;
				CLANG_WARN_SUSPICIOUS_MOVE = YES;
				CLANG_WARN_UNGUARDED_AVAILABILITY = YES_AGGRESSIVE;
				CLANG_WARN_UNREACHABLE_CODE = YES;
				CLANG_WARN__DUPLICATE_METHOD_MATCH = YES;
				COPY_PHASE_STRIP = NO;
				DEBUG_INFORMATION_FORMAT = "dwarf-with-dsym";
				ENABLE_NS_ASSERTIONS = NO;
				ENABLE_STRICT_OBJC_MSGSEND = YES;
				GCC_C_LANGUAGE_STANDARD = gnu11;
				GCC_NO_COMMON_BLOCKS = YES;
				GCC_WARN_64_TO_32_BIT_CONVERSION = YES;
				GCC_WARN_ABOUT_RETURN_TYPE = YES_ERROR;
				GCC_WARN_UNDECLARED_SELECTOR = YES;
				GCC_WARN_UNINITIALIZED_AUTOS = YES_AGGRESSIVE;
				GCC_WARN_UNUSED_FUNCTION = YES;
				GCC_WARN_UNUSED_VARIABLE = YES;
				MACOSX_DEPLOYMENT_TARGET = 10.15;
				MTL_ENABLE_DEBUG_INFO = NO;
				MTL_FAST_MATH = YES;
				SDKROOT = macosx;
			};
			name = Release;
		};
		3AAA5C072399810F008417F1 /* Debug */ = {
			isa = XCBuildConfiguration;
			buildSettings = {
				ASSETCATALOG_COMPILER_APPICON_NAME = AppIcon;
				CODE_SIGN_ENTITLEMENTS = BotDrive/BotDrive.entitlements;
				CODE_SIGN_STYLE = Automatic;
				COMBINE_HIDPI_IMAGES = YES;
				DEVELOPMENT_TEAM = 7BJ49E34RD;
				ENABLE_HARDENED_RUNTIME = YES;
				INFOPLIST_FILE = BotDrive/Info.plist;
				LD_RUNPATH_SEARCH_PATHS = (
					"$(inherited)",
					"@executable_path/../Frameworks",
				);
				PRODUCT_BUNDLE_IDENTIFIER = nu.dll.BotDrive;
				PRODUCT_NAME = "$(TARGET_NAME)";
			};
			name = Debug;
		};
		3AAA5C082399810F008417F1 /* Release */ = {
			isa = XCBuildConfiguration;
			buildSettings = {
				ASSETCATALOG_COMPILER_APPICON_NAME = AppIcon;
				CODE_SIGN_ENTITLEMENTS = BotDrive/BotDrive.entitlements;
				CODE_SIGN_STYLE = Automatic;
				COMBINE_HIDPI_IMAGES = YES;
				DEVELOPMENT_TEAM = 7BJ49E34RD;
				ENABLE_HARDENED_RUNTIME = YES;
				INFOPLIST_FILE = BotDrive/Info.plist;
				LD_RUNPATH_SEARCH_PATHS = (
					"$(inherited)",
					"@executable_path/../Frameworks",
				);
				PRODUCT_BUNDLE_IDENTIFIER = nu.dll.BotDrive;
				PRODUCT_NAME = "$(TARGET_NAME)";
			};
			name = Release;
		};
		3AAA5C0A2399810F008417F1 /* Debug */ = {
			isa = XCBuildConfiguration;
			buildSettings = {
				BUNDLE_LOADER = "$(TEST_HOST)";
				CODE_SIGN_STYLE = Automatic;
				COMBINE_HIDPI_IMAGES = YES;
				DEVELOPMENT_TEAM = 7BJ49E34RD;
				INFOPLIST_FILE = BotDriveTests/Info.plist;
				LD_RUNPATH_SEARCH_PATHS = (
					"$(inherited)",
					"@executable_path/../Frameworks",
					"@loader_path/../Frameworks",
				);
				MACOSX_DEPLOYMENT_TARGET = 10.15;
				PRODUCT_BUNDLE_IDENTIFIER = nu.dll.BotDriveTests;
				PRODUCT_NAME = "$(TARGET_NAME)";
				TEST_HOST = "$(BUILT_PRODUCTS_DIR)/BotDrive.app/Contents/MacOS/BotDrive";
			};
			name = Debug;
		};
		3AAA5C0B2399810F008417F1 /* Release */ = {
			isa = XCBuildConfiguration;
			buildSettings = {
				BUNDLE_LOADER = "$(TEST_HOST)";
				CODE_SIGN_STYLE = Automatic;
				COMBINE_HIDPI_IMAGES = YES;
				DEVELOPMENT_TEAM = 7BJ49E34RD;
				INFOPLIST_FILE = BotDriveTests/Info.plist;
				LD_RUNPATH_SEARCH_PATHS = (
					"$(inherited)",
					"@executable_path/../Frameworks",
					"@loader_path/../Frameworks",
				);
				MACOSX_DEPLOYMENT_TARGET = 10.15;
				PRODUCT_BUNDLE_IDENTIFIER = nu.dll.BotDriveTests;
				PRODUCT_NAME = "$(TARGET_NAME)";
				TEST_HOST = "$(BUILT_PRODUCTS_DIR)/BotDrive.app/Contents/MacOS/BotDrive";
			};
			name = Release;
		};
		3AAA5C0D2399810F008417F1 /* Debug */ = {
			isa = XCBuildConfiguration;
			buildSettings = {
				CODE_SIGN_STYLE = Automatic;
				COMBINE_HIDPI_IMAGES = YES;
				DEVELOPMENT_TEAM = 7BJ49E34RD;
				INFOPLIST_FILE = BotDriveUITests/Info.plist;
				LD_RUNPATH_SEARCH_PATHS = (
					"$(inherited)",
					"@executable_path/../Frameworks",
					"@loader_path/../Frameworks",
				);
				PRODUCT_BUNDLE_IDENTIFIER = nu.dll.BotDriveUITests;
				PRODUCT_NAME = "$(TARGET_NAME)";
				TEST_TARGET_NAME = BotDrive;
			};
			name = Debug;
		};
		3AAA5C0E2399810F008417F1 /* Release */ = {
			isa = XCBuildConfiguration;
			buildSettings = {
				CODE_SIGN_STYLE = Automatic;
				COMBINE_HIDPI_IMAGES = YES;
				DEVELOPMENT_TEAM = 7BJ49E34RD;
				INFOPLIST_FILE = BotDriveUITests/Info.plist;
				LD_RUNPATH_SEARCH_PATHS = (
					"$(inherited)",
					"@executable_path/../Frameworks",
					"@loader_path/../Frameworks",
				);
				PRODUCT_BUNDLE_IDENTIFIER = nu.dll.BotDriveUITests;
				PRODUCT_NAME = "$(TARGET_NAME)";
				TEST_TARGET_NAME = BotDrive;
			};
			name = Release;
		};
/* End XCBuildConfiguration section */

/* Begin XCConfigurationList section */
		3AAA5BDA2399810B008417F1 /* Build configuration list for PBXProject "BotDrive" */ = {
			isa = XCConfigurationList;
			buildConfigurations = (
				3AAA5C042399810F008417F1 /* Debug */,
				3AAA5C052399810F008417F1 /* Release */,
			);
			defaultConfigurationIsVisible = 0;
			defaultConfigurationName = Release;
		};
		3AAA5C062399810F008417F1 /* Build configuration list for PBXNativeTarget "BotDrive" */ = {
			isa = XCConfigurationList;
			buildConfigurations = (
				3AAA5C072399810F008417F1 /* Debug */,
				3AAA5C082399810F008417F1 /* Release */,
			);
			defaultConfigurationIsVisible = 0;
			defaultConfigurationName = Release;
		};
		3AAA5C092399810F008417F1 /* Build configuration list for PBXNativeTarget "BotDriveTests" */ = {
			isa = XCConfigurationList;
			buildConfigurations = (
				3AAA5C0A2399810F008417F1 /* Debug */,
				3AAA5C0B2399810F008417F1 /* Release */,
			);
			defaultConfigurationIsVisible = 0;
			defaultConfigurationName = Release;
		};
		3AAA5C0C2399810F008417F1 /* Build configuration list for PBXNativeTarget "BotDriveUITests" */ = {
			isa = XCConfigurationList;
			buildConfigurations = (
				3AAA5C0D2399810F008417F1 /* Debug */,
				3AAA5C0E2399810F008417F1 /* Release */,
			);
			defaultConfigurationIsVisible = 0;
			defaultConfigurationName = Release;
		};
/* End XCConfigurationList section */
	};
	rootObject = 3AAA5BD72399810B008417F1 /* Project object */;
}
